
Microsoft Visual Studio Solution File, Format Version 12.00
# Visual Studio 15
VisualStudioVersion = 15.0.27428.2037
MinimumVisualStudioVersion = 10.0.40219.1
Project("{FAE04EC0-301F-11D3-BF4B-00C04F79EFBC}") = "ATC.Web", "ATC.Web\ATC.Web.csproj", "{8FF9E3D9-136C-4A81-8B56-C96517918FB2}"
EndProject
Project("{FAE04EC0-301F-11D3-BF4B-00C04F79EFBC}") = "ATC.Web.Tests", "ATC.Web.Tests\ATC.Web.Tests.csproj", "{ABDA4B24-E34E-4FF1-9966-315B46410CAC}"
EndProject
Global
	GlobalSection(SolutionConfigurationPlatforms) = preSolution
		Debug|Any CPU = Debug|Any CPU
		Release|Any CPU = Release|Any CPU
	EndGlobalSection
	GlobalSection(ProjectConfigurationPlatforms) = postSolution
		{8FF9E3D9-136C-4A81-8B56-C96517918FB2}.Debug|Any CPU.ActiveCfg = Debug|Any CPU
		{8FF9E3D9-136C-4A81-8B56-C96517918FB2}.Debug|Any CPU.Build.0 = Debug|Any CPU
		{8FF9E3D9-136C-4A81-8B56-C96517918FB2}.Release|Any CPU.ActiveCfg = Release|Any CPU
		{8FF9E3D9-136C-4A81-8B56-C96517918FB2}.Release|Any CPU.Build.0 = Release|Any CPU
		{ABDA4B24-E34E-4FF1-9966-315B46410CAC}.Debug|Any CPU.ActiveCfg = Debug|Any CPU
		{ABDA4B24-E34E-4FF1-9966-315B46410CAC}.Debug|Any CPU.Build.0 = Debug|Any CPU
		{ABDA4B24-E34E-4FF1-9966-315B46410CAC}.Release|Any CPU.ActiveCfg = Release|Any CPU
		{ABDA4B24-E34E-4FF1-9966-315B46410CAC}.Release|Any CPU.Build.0 = Release|Any CPU
	EndGlobalSection
	GlobalSection(SolutionProperties) = preSolution
		HideSolutionNode = FALSE
	EndGlobalSection
	GlobalSection(ExtensibilityGlobals) = postSolution
		SolutionGuid = {A27BD6B2-D0E5-4C97-A3C2-232CADC604BF}
	EndGlobalSection
EndGlobal
